// !$*UTF8*$!
{
	archiveVersion = 1;
	classes = {
	};
	objectVersion = 52;
	objects = {

/* Begin PBXBuildFile section */
		C902952D2588DCC8007F9B31 /* SwiftUINavigationTutorialApp.swift in Sources */ = {isa = PBXBuildFile; fileRef = C902952C2588DCC8007F9B31 /* SwiftUINavigationTutorialApp.swift */; };
		C90295312588DCC9007F9B31 /* Assets.xcassets in Resources */ = {isa = PBXBuildFile; fileRef = C90295302588DCC9007F9B31 /* Assets.xcassets */; };
		C90295342588DCC9007F9B31 /* Preview Assets.xcassets in Resources */ = {isa = PBXBuildFile; fileRef = C90295332588DCC9007F9B31 /* Preview Assets.xcassets */; };
		C902953E2588DD26007F9B31 /* NavigationKit in Frameworks */ = {isa = PBXBuildFile; productRef = C902953D2588DD26007F9B31 /* NavigationKit */; };
		C902954A2588DD38007F9B31 /* Tab1RootView.swift in Sources */ = {isa = PBXBuildFile; fileRef = C90295422588DD37007F9B31 /* Tab1RootView.swift */; };
		C902954B2588DD38007F9B31 /* Tab2SecondView.swift in Sources */ = {isa = PBXBuildFile; fileRef = C90295432588DD37007F9B31 /* Tab2SecondView.swift */; };
		C902954C2588DD38007F9B31 /* Tab2ThirdView.swift in Sources */ = {isa = PBXBuildFile; fileRef = C90295442588DD37007F9B31 /* Tab2ThirdView.swift */; };
		C902954D2588DD38007F9B31 /* Tab2RootView.swift in Sources */ = {isa = PBXBuildFile; fileRef = C90295452588DD37007F9B31 /* Tab2RootView.swift */; };
		C902954E2588DD38007F9B31 /* Tab1FourthView.swift in Sources */ = {isa = PBXBuildFile; fileRef = C90295462588DD37007F9B31 /* Tab1FourthView.swift */; };
		C902954F2588DD38007F9B31 /* Tab2FourthView.swift in Sources */ = {isa = PBXBuildFile; fileRef = C90295472588DD37007F9B31 /* Tab2FourthView.swift */; };
		C90295502588DD38007F9B31 /* Tab1ThirdView.swift in Sources */ = {isa = PBXBuildFile; fileRef = C90295482588DD37007F9B31 /* Tab1ThirdView.swift */; };
		C90295512588DD38007F9B31 /* Tab1SecondView.swift in Sources */ = {isa = PBXBuildFile; fileRef = C90295492588DD38007F9B31 /* Tab1SecondView.swift */; };
/* End PBXBuildFile section */

/* Begin PBXFileReference section */
		C90295292588DCC8007F9B31 /* SwiftUINavigationTutorial.app */ = {isa = PBXFileReference; explicitFileType = wrapper.application; includeInIndex = 0; path = SwiftUINavigationTutorial.app; sourceTree = BUILT_PRODUCTS_DIR; };
		C902952C2588DCC8007F9B31 /* SwiftUINavigationTutorialApp.swift */ = {isa = PBXFileReference; lastKnownFileType = sourcecode.swift; path = SwiftUINavigationTutorialApp.swift; sourceTree = "<group>"; };
		C90295302588DCC9007F9B31 /* Assets.xcassets */ = {isa = PBXFileReference; lastKnownFileType = folder.assetcatalog; path = Assets.xcassets; sourceTree = "<group>"; };
		C90295332588DCC9007F9B31 /* Preview Assets.xcassets */ = {isa = PBXFileReference; lastKnownFileType = folder.assetcatalog; path = "Preview Assets.xcassets"; sourceTree = "<group>"; };
		C90295352588DCC9007F9B31 /* Info.plist */ = {isa = PBXFileReference; lastKnownFileType = text.plist.xml; path = Info.plist; sourceTree = "<group>"; };
		C90295422588DD37007F9B31 /* Tab1RootView.swift */ = {isa = PBXFileReference; fileEncoding = 4; lastKnownFileType = sourcecode.swift; path = Tab1RootView.swift; sourceTree = "<group>"; };
		C90295432588DD37007F9B31 /* Tab2SecondView.swift */ = {isa = PBXFileReference; fileEncoding = 4; lastKnownFileType = sourcecode.swift; path = Tab2SecondView.swift; sourceTree = "<group>"; };
		C90295442588DD37007F9B31 /* Tab2ThirdView.swift */ = {isa = PBXFileReference; fileEncoding = 4; lastKnownFileType = sourcecode.swift; path = Tab2ThirdView.swift; sourceTree = "<group>"; };
		C90295452588DD37007F9B31 /* Tab2RootView.swift */ = {isa = PBXFileReference; fileEncoding = 4; lastKnownFileType = sourcecode.swift; path = Tab2RootView.swift; sourceTree = "<group>"; };
		C90295462588DD37007F9B31 /* Tab1FourthView.swift */ = {isa = PBXFileReference; fileEncoding = 4; lastKnownFileType = sourcecode.swift; path = Tab1FourthView.swift; sourceTree = "<group>"; };
		C90295472588DD37007F9B31 /* Tab2FourthView.swift */ = {isa = PBXFileReference; fileEncoding = 4; lastKnownFileType = sourcecode.swift; path = Tab2FourthView.swift; sourceTree = "<group>"; };
		C90295482588DD37007F9B31 /* Tab1ThirdView.swift */ = {isa = PBXFileReference; fileEncoding = 4; lastKnownFileType = sourcecode.swift; path = Tab1ThirdView.swift; sourceTree = "<group>"; };
		C90295492588DD38007F9B31 /* Tab1SecondView.swift */ = {isa = PBXFileReference; fileEncoding = 4; lastKnownFileType = sourcecode.swift; path = Tab1SecondView.swift; sourceTree = "<group>"; };
/* End PBXFileReference section */

/* Begin PBXFrameworksBuildPhase section */
		C90295262588DCC8007F9B31 /* Frameworks */ = {
			isa = PBXFrameworksBuildPhase;
			buildActionMask = 2147483647;
			files = (
				C902953E2588DD26007F9B31 /* NavigationKit in Frameworks */,
			);
			runOnlyForDeploymentPostprocessing = 0;
		};
/* End PBXFrameworksBuildPhase section */

/* Begin PBXGroup section */
		C90295202588DCC8007F9B31 = {
			isa = PBXGroup;
			children = (
				C902952B2588DCC8007F9B31 /* SwiftUINavigationTutorial */,
				C902952A2588DCC8007F9B31 /* Products */,
			);
			sourceTree = "<group>";
		};
		C902952A2588DCC8007F9B31 /* Products */ = {
			isa = PBXGroup;
			children = (
				C90295292588DCC8007F9B31 /* SwiftUINavigationTutorial.app */,
			);
			name = Products;
			sourceTree = "<group>";
		};
		C902952B2588DCC8007F9B31 /* SwiftUINavigationTutorial */ = {
			isa = PBXGroup;
			children = (
				C90295402588DD2B007F9B31 /* Views */,
				C902952C2588DCC8007F9B31 /* SwiftUINavigationTutorialApp.swift */,
				C90295302588DCC9007F9B31 /* Assets.xcassets */,
				C90295352588DCC9007F9B31 /* Info.plist */,
				C90295322588DCC9007F9B31 /* Preview Content */,
			);
			path = SwiftUINavigationTutorial;
			sourceTree = "<group>";
		};
		C90295322588DCC9007F9B31 /* Preview Content */ = {
			isa = PBXGroup;
			children = (
				C90295332588DCC9007F9B31 /* Preview Assets.xcassets */,
			);
			path = "Preview Content";
			sourceTree = "<group>";
		};
		C90295402588DD2B007F9B31 /* Views */ = {
			isa = PBXGroup;
			children = (
				C90295462588DD37007F9B31 /* Tab1FourthView.swift */,
				C90295422588DD37007F9B31 /* Tab1RootView.swift */,
				C90295492588DD38007F9B31 /* Tab1SecondView.swift */,
				C90295482588DD37007F9B31 /* Tab1ThirdView.swift */,
				C90295472588DD37007F9B31 /* Tab2FourthView.swift */,
				C90295452588DD37007F9B31 /* Tab2RootView.swift */,
				C90295432588DD37007F9B31 /* Tab2SecondView.swift */,
				C90295442588DD37007F9B31 /* Tab2ThirdView.swift */,
			);
			path = Views;
			sourceTree = "<group>";
		};
/* End PBXGroup section */

/* Begin PBXNativeTarget section */
		C90295282588DCC8007F9B31 /* SwiftUINavigationTutorial */ = {
			isa = PBXNativeTarget;
			buildConfigurationList = C90295382588DCC9007F9B31 /* Build configuration list for PBXNativeTarget "SwiftUINavigationTutorial" */;
			buildPhases = (
				C90295252588DCC8007F9B31 /* Sources */,
				C90295262588DCC8007F9B31 /* Frameworks */,
				C90295272588DCC8007F9B31 /* Resources */,
			);
			buildRules = (
			);
			dependencies = (
			);
			name = SwiftUINavigationTutorial;
			packageProductDependencies = (
				C902953D2588DD26007F9B31 /* NavigationKit */,
			);
			productName = SwiftUINavigationTutorial;
			productReference = C90295292588DCC8007F9B31 /* SwiftUINavigationTutorial.app */;
			productType = "com.apple.product-type.application";
		};
/* End PBXNativeTarget section */

/* Begin PBXProject section */
		C90295212588DCC8007F9B31 /* Project object */ = {
			isa = PBXProject;
			attributes = {
				LastSwiftUpdateCheck = 1220;
				LastUpgradeCheck = 1220;
				TargetAttributes = {
					C90295282588DCC8007F9B31 = {
						CreatedOnToolsVersion = 12.2;
					};
				};
			};
			buildConfigurationList = C90295242588DCC8007F9B31 /* Build configuration list for PBXProject "SwiftUINavigationTutorial" */;
			compatibilityVersion = "Xcode 9.3";
			developmentRegion = en;
			hasScannedForEncodings = 0;
			knownRegions = (
				en,
				Base,
			);
			mainGroup = C90295202588DCC8007F9B31;
			packageReferences = (
				C902953C2588DD26007F9B31 /* XCRemoteSwiftPackageReference "NavigationKit" */,
			);
			productRefGroup = C902952A2588DCC8007F9B31 /* Products */;
			projectDirPath = "";
			projectRoot = "";
			targets = (
				C90295282588DCC8007F9B31 /* SwiftUINavigationTutorial */,
			);
		};
/* End PBXProject section */

/* Begin PBXResourcesBuildPhase section */
		C90295272588DCC8007F9B31 /* Resources */ = {
			isa = PBXResourcesBuildPhase;
			buildActionMask = 2147483647;
			files = (
				C90295342588DCC9007F9B31 /* Preview Assets.xcassets in Resources */,
				C90295312588DCC9007F9B31 /* Assets.xcassets in Resources */,
			);
			runOnlyForDeploymentPostprocessing = 0;
		};
/* End PBXResourcesBuildPhase section */

/* Begin PBXSourcesBuildPhase section */
		C90295252588DCC8007F9B31 /* Sources */ = {
			isa = PBXSourcesBuildPhase;
			buildActionMask = 2147483647;
			files = (
				C902954E2588DD38007F9B31 /* Tab1FourthView.swift in Sources */,
				C902954D2588DD38007F9B31 /* Tab2RootView.swift in Sources */,
				C90295502588DD38007F9B31 /* Tab1ThirdView.swift in Sources */,
				C902954F2588DD38007F9B31 /* Tab2FourthView.swift in Sources */,
				C902954A2588DD38007F9B31 /* Tab1RootView.swift in Sources */,
				C902952D2588DCC8007F9B31 /* SwiftUINavigationTutorialApp.swift in Sources */,
				C902954B2588DD38007F9B31 /* Tab2SecondView.swift in Sources */,
				C90295512588DD38007F9B31 /* Tab1SecondView.swift in Sources */,
				C902954C2588DD38007F9B31 /* Tab2ThirdView.swift in Sources */,
			);
			runOnlyForDeploymentPostprocessing = 0;
		};
/* End PBXSourcesBuildPhase section */

/* Begin XCBuildConfiguration section */
		C90295362588DCC9007F9B31 /* Debug */ = {
			isa = XCBuildConfiguration;
			buildSettings = {
				ALWAYS_SEARCH_USER_PATHS = NO;
				CLANG_ANALYZER_NONNULL = YES;
				CLANG_ANALYZER_NUMBER_OBJECT_CONVERSION = YES_AGGRESSIVE;
				CLANG_CXX_LANGUAGE_STANDARD = "gnu++14";
				CLANG_CXX_LIBRARY = "libc++";
				CLANG_ENABLE_MODULES = YES;
				CLANG_ENABLE_OBJC_ARC = YES;
				CLANG_ENABLE_OBJC_WEAK = YES;
				CLANG_WARN_BLOCK_CAPTURE_AUTORELEASING = YES;
				CLANG_WARN_BOOL_CONVERSION = YES;
				CLANG_WARN_COMMA = YES;
				CLANG_WARN_CONSTANT_CONVERSION = YES;
				CLANG_WARN_DEPRECATED_OBJC_IMPLEMENTATIONS = YES;
				CLANG_WARN_DIRECT_OBJC_ISA_USAGE = YES_ERROR;
				CLANG_WARN_DOCUMENTATION_COMMENTS = YES;
				CLANG_WARN_EMPTY_BODY = YES;
				CLANG_WARN_ENUM_CONVERSION = YES;
				CLANG_WARN_INFINITE_RECURSION = YES;
				CLANG_WARN_INT_CONVERSION = YES;
				CLANG_WARN_NON_LITERAL_NULL_CONVERSION = YES;
				CLANG_WARN_OBJC_IMPLICIT_RETAIN_SELF = YES;
				CLANG_WARN_OBJC_LITERAL_CONVERSION = YES;
				CLANG_WARN_OBJC_ROOT_CLASS = YES_ERROR;
				CLANG_WARN_QUOTED_INCLUDE_IN_FRAMEWORK_HEADER = YES;
				CLANG_WARN_RANGE_LOOP_ANALYSIS = YES;
				CLANG_WARN_STRICT_PROTOTYPES = YES;
				CLANG_WARN_SUSPICIOUS_MOVE = YES;
				CLANG_WARN_UNGUARDED_AVAILABILITY = YES_AGGRESSIVE;
				CLANG_WARN_UNREACHABLE_CODE = YES;
				CLANG_WARN__DUPLICATE_METHOD_MATCH = YES;
				COPY_PHASE_STRIP = NO;
				DEBUG_INFORMATION_FORMAT = dwarf;
				ENABLE_STRICT_OBJC_MSGSEND = YES;
				ENABLE_TESTABILITY = YES;
				GCC_C_LANGUAGE_STANDARD = gnu11;
				GCC_DYNAMIC_NO_PIC = NO;
				GCC_NO_COMMON_BLOCKS = YES;
				GCC_OPTIMIZATION_LEVEL = 0;
				GCC_PREPROCESSOR_DEFINITIONS = (
					"DEBUG=1",
					"$(inherited)",
				);
				GCC_WARN_64_TO_32_BIT_CONVERSION = YES;
				GCC_WARN_ABOUT_RETURN_TYPE = YES_ERROR;
				GCC_WARN_UNDECLARED_SELECTOR = YES;
				GCC_WARN_UNINITIALIZED_AUTOS = YES_AGGRESSIVE;
				GCC_WARN_UNUSED_FUNCTION = YES;
				GCC_WARN_UNUSED_VARIABLE = YES;
				IPHONEOS_DEPLOYMENT_TARGET = 14.2;
				MTL_ENABLE_DEBUG_INFO = INCLUDE_SOURCE;
				MTL_FAST_MATH = YES;
				ONLY_ACTIVE_ARCH = YES;
				SDKROOT = iphoneos;
				SWIFT_ACTIVE_COMPILATION_CONDITIONS = DEBUG;
				SWIFT_OPTIMIZATION_LEVEL = "-Onone";
			};
			name = Debug;
		};
		C90295372588DCC9007F9B31 /* Release */ = {
			isa = XCBuildConfiguration;
			buildSettings = {
				ALWAYS_SEARCH_USER_PATHS = NO;
				CLANG_ANALYZER_NONNULL = YES;
				CLANG_ANALYZER_NUMBER_OBJECT_CONVERSION = YES_AGGRESSIVE;
				CLANG_CXX_LANGUAGE_STANDARD = "gnu++14";
				CLANG_CXX_LIBRARY = "libc++";
				CLANG_ENABLE_MODULES = YES;
				CLANG_ENABLE_OBJC_ARC = YES;
				CLANG_ENABLE_OBJC_WEAK = YES;
				CLANG_WARN_BLOCK_CAPTURE_AUTORELEASING = YES;
				CLANG_WARN_BOOL_CONVERSION = YES;
				CLANG_WARN_COMMA = YES;
				CLANG_WARN_CONSTANT_CONVERSION = YES;
				CLANG_WARN_DEPRECATED_OBJC_IMPLEMENTATIONS = YES;
				CLANG_WARN_DIRECT_OBJC_ISA_USAGE = YES_ERROR;
				CLANG_WARN_DOCUMENTATION_COMMENTS = YES;
				CLANG_WARN_EMPTY_BODY = YES;
				CLANG_WARN_ENUM_CONVERSION = YES;
				CLANG_WARN_INFINITE_RECURSION = YES;
				CLANG_WARN_INT_CONVERSION = YES;
				CLANG_WARN_NON_LITERAL_NULL_CONVERSION = YES;
				CLANG_WARN_OBJC_IMPLICIT_RETAIN_SELF = YES;
				CLANG_WARN_OBJC_LITERAL_CONVERSION = YES;
				CLANG_WARN_OBJC_ROOT_CLASS = YES_ERROR;
				CLANG_WARN_QUOTED_INCLUDE_IN_FRAMEWORK_HEADER = YES;
				CLANG_WARN_RANGE_LOOP_ANALYSIS = YES;
				CLANG_WARN_STRICT_PROTOTYPES = YES;
				CLANG_WARN_SUSPICIOUS_MOVE = YES;
				CLANG_WARN_UNGUARDED_AVAILABILITY = YES_AGGRESSIVE;
				CLANG_WARN_UNREACHABLE_CODE = YES;
				CLANG_WARN__DUPLICATE_METHOD_MATCH = YES;
				COPY_PHASE_STRIP = NO;
				DEBUG_INFORMATION_FORMAT = "dwarf-with-dsym";
				ENABLE_NS_ASSERTIONS = NO;
				ENABLE_STRICT_OBJC_MSGSEND = YES;
				GCC_C_LANGUAGE_STANDARD = gnu11;
				GCC_NO_COMMON_BLOCKS = YES;
				GCC_WARN_64_TO_32_BIT_CONVERSION = YES;
				GCC_WARN_ABOUT_RETURN_TYPE = YES_ERROR;
				GCC_WARN_UNDECLARED_SELECTOR = YES;
				GCC_WARN_UNINITIALIZED_AUTOS = YES_AGGRESSIVE;
				GCC_WARN_UNUSED_FUNCTION = YES;
				GCC_WARN_UNUSED_VARIABLE = YES;
				IPHONEOS_DEPLOYMENT_TARGET = 14.2;
				MTL_ENABLE_DEBUG_INFO = NO;
				MTL_FAST_MATH = YES;
				SDKROOT = iphoneos;
				SWIFT_COMPILATION_MODE = wholemodule;
				SWIFT_OPTIMIZATION_LEVEL = "-O";
				VALIDATE_PRODUCT = YES;
			};
			name = Release;
		};
		C90295392588DCC9007F9B31 /* Debug */ = {
			isa = XCBuildConfiguration;
			buildSettings = {
				ASSETCATALOG_COMPILER_APPICON_NAME = AppIcon;
				ASSETCATALOG_COMPILER_GLOBAL_ACCENT_COLOR_NAME = AccentColor;
				CODE_SIGN_STYLE = Automatic;
				DEVELOPMENT_ASSET_PATHS = "\"SwiftUINavigationTutorial/Preview Content\"";
				DEVELOPMENT_TEAM = R252PR8AVU;
				ENABLE_PREVIEWS = YES;
				INFOPLIST_FILE = SwiftUINavigationTutorial/Info.plist;
				IPHONEOS_DEPLOYMENT_TARGET = 14.0;
				LD_RUNPATH_SEARCH_PATHS = (
					"$(inherited)",
					"@executable_path/Frameworks",
				);
				PRODUCT_BUNDLE_IDENTIFIER = com.rebeloper.SwiftUINavigationTutorial;
				PRODUCT_NAME = "$(TARGET_NAME)";
				SWIFT_VERSION = 5.0;
				TARGETED_DEVICE_FAMILY = "1,2";
			};
			name = Debug;
		};
		C902953A2588DCC9007F9B31 /* Release */ = {
			isa = XCBuildConfiguration;
			buildSettings = {
				ASSETCATALOG_COMPILER_APPICON_NAME = AppIcon;
				ASSETCATALOG_COMPILER_GLOBAL_ACCENT_COLOR_NAME = AccentColor;
				CODE_SIGN_STYLE = Automatic;
				DEVELOPMENT_ASSET_PATHS = "\"SwiftUINavigationTutorial/Preview Content\"";
				DEVELOPMENT_TEAM = R252PR8AVU;
				ENABLE_PREVIEWS = YES;
				INFOPLIST_FILE = SwiftUINavigationTutorial/Info.plist;
				IPHONEOS_DEPLOYMENT_TARGET = 14.0;
				LD_RUNPATH_SEARCH_PATHS = (
					"$(inherited)",
					"@executable_path/Frameworks",
				);
				PRODUCT_BUNDLE_IDENTIFIER = com.rebeloper.SwiftUINavigationTutorial;
				PRODUCT_NAME = "$(TARGET_NAME)";
				SWIFT_VERSION = 5.0;
				TARGETED_DEVICE_FAMILY = "1,2";
			};
			name = Release;
		};
/* End XCBuildConfiguration section */

/* Begin XCConfigurationList section */
		C90295242588DCC8007F9B31 /* Build configuration list for PBXProject "SwiftUINavigationTutorial" */ = {
			isa = XCConfigurationList;
			buildConfigurations = (
				C90295362588DCC9007F9B31 /* Debug */,
				C90295372588DCC9007F9B31 /* Release */,
			);
			defaultConfigurationIsVisible = 0;
			defaultConfigurationName = Release;
		};
		C90295382588DCC9007F9B31 /* Build configuration list for PBXNativeTarget "SwiftUINavigationTutorial" */ = {
			isa = XCConfigurationList;
			buildConfigurations = (
				C90295392588DCC9007F9B31 /* Debug */,
				C902953A2588DCC9007F9B31 /* Release */,
			);
			defaultConfigurationIsVisible = 0;
			defaultConfigurationName = Release;
		};
/* End XCConfigurationList section */

/* Begin XCRemoteSwiftPackageReference section */
		C902953C2588DD26007F9B31 /* XCRemoteSwiftPackageReference "NavigationKit" */ = {
			isa = XCRemoteSwiftPackageReference;
			repositoryURL = "https://github.com/rebeloper/NavigationKit.git";
			requirement = {
				kind = upToNextMajorVersion;
				minimumVersion = 0.1.0;
			};
		};
/* End XCRemoteSwiftPackageReference section */

/* Begin XCSwiftPackageProductDependency section */
		C902953D2588DD26007F9B31 /* NavigationKit */ = {
			isa = XCSwiftPackageProductDependency;
			package = C902953C2588DD26007F9B31 /* XCRemoteSwiftPackageReference "NavigationKit" */;
			productName = NavigationKit;
		};
/* End XCSwiftPackageProductDependency section */
	};
	rootObject = C90295212588DCC8007F9B31 /* Project object */;
}
